
Microsoft Visual Studio Solution File, Format Version 12.00
# Visual Studio Version 16
VisualStudioVersion = 16.6.30114.105
MinimumVisualStudioVersion = 10.0.40219.1
Project("{2150E333-8FDC-42A3-9474-1A3956D46DE8}") = "src", "src", "{721527BF-943C-4B7B-94EB-E21251A2B646}"
EndProject
Project("{FAE04EC0-301F-11D3-BF4B-00C04F79EFBC}") = "DNTFrameworkCore", "src\DNTFrameworkCore\DNTFrameworkCore.csproj", "{FA2B8909-1794-44E5-817B-B46E93070FA8}"
EndProject
Project("{FAE04EC0-301F-11D3-BF4B-00C04F79EFBC}") = "DNTFrameworkCore.EFCore", "src\DNTFrameworkCore.EFCore\DNTFrameworkCore.EFCore.csproj", "{D76CF357-4559-43B1-8B5D-0E327EAA0407}"
EndProject
Project("{FAE04EC0-301F-11D3-BF4B-00C04F79EFBC}") = "DNTFrameworkCore.EFCore.SqlServer", "src\DNTFrameworkCore.EFCore.SqlServer\DNTFrameworkCore.EFCore.SqlServer.csproj", "{D2F163AF-2A4B-453C-AD8F-239C98FF17AB}"
EndProject
Project("{FAE04EC0-301F-11D3-BF4B-00C04F79EFBC}") = "DNTFrameworkCore.FluentValidation", "src\DNTFrameworkCore.FluentValidation\DNTFrameworkCore.FluentValidation.csproj", "{ED13D5D8-7D72-4542-8C1A-141B4ADD08AB}"
EndProject
Project("{FAE04EC0-301F-11D3-BF4B-00C04F79EFBC}") = "DNTFrameworkCore.Licensing", "src\DNTFrameworkCore.Licensing\DNTFrameworkCore.Licensing.csproj", "{01979AC7-5289-4834-8EC5-35AC05EA3AFD}"
EndProject
Project("{FAE04EC0-301F-11D3-BF4B-00C04F79EFBC}") = "DNTFrameworkCore.Web", "src\DNTFrameworkCore.Web\DNTFrameworkCore.Web.csproj", "{8AB70223-BE5C-46FF-832E-9D940889ABFE}"
EndProject
Project("{FAE04EC0-301F-11D3-BF4B-00C04F79EFBC}") = "DNTFrameworkCore.Web.EFCore", "src\DNTFrameworkCore.Web.EFCore\DNTFrameworkCore.Web.EFCore.csproj", "{CAD3F34E-A367-492C-9084-6C89D0F1B378}"
EndProject
Project("{FAE04EC0-301F-11D3-BF4B-00C04F79EFBC}") = "DNTFrameworkCore.Web.Tenancy", "src\DNTFrameworkCore.Web.Tenancy\DNTFrameworkCore.Web.Tenancy.csproj", "{9B6965CB-BFC8-428D-B26B-9D19404833E4}"
EndProject
Global
	GlobalSection(SolutionConfigurationPlatforms) = preSolution
		Debug|Any CPU = Debug|Any CPU
		Debug|x64 = Debug|x64
		Debug|x86 = Debug|x86
		Release|Any CPU = Release|Any CPU
		Release|x64 = Release|x64
		Release|x86 = Release|x86
	EndGlobalSection
	GlobalSection(SolutionProperties) = preSolution
		HideSolutionNode = FALSE
	EndGlobalSection
	GlobalSection(ProjectConfigurationPlatforms) = postSolution
		{FA2B8909-1794-44E5-817B-B46E93070FA8}.Debug|Any CPU.ActiveCfg = Debug|Any CPU
		{FA2B8909-1794-44E5-817B-B46E93070FA8}.Debug|Any CPU.Build.0 = Debug|Any CPU
		{FA2B8909-1794-44E5-817B-B46E93070FA8}.Debug|x64.ActiveCfg = Debug|Any CPU
		{FA2B8909-1794-44E5-817B-B46E93070FA8}.Debug|x64.Build.0 = Debug|Any CPU
		{FA2B8909-1794-44E5-817B-B46E93070FA8}.Debug|x86.ActiveCfg = Debug|Any CPU
		{FA2B8909-1794-44E5-817B-B46E93070FA8}.Debug|x86.Build.0 = Debug|Any CPU
		{FA2B8909-1794-44E5-817B-B46E93070FA8}.Release|Any CPU.ActiveCfg = Release|Any CPU
		{FA2B8909-1794-44E5-817B-B46E93070FA8}.Release|Any CPU.Build.0 = Release|Any CPU
		{FA2B8909-1794-44E5-817B-B46E93070FA8}.Release|x64.ActiveCfg = Release|Any CPU
		{FA2B8909-1794-44E5-817B-B46E93070FA8}.Release|x64.Build.0 = Release|Any CPU
		{FA2B8909-1794-44E5-817B-B46E93070FA8}.Release|x86.ActiveCfg = Release|Any CPU
		{FA2B8909-1794-44E5-817B-B46E93070FA8}.Release|x86.Build.0 = Release|Any CPU
		{D76CF357-4559-43B1-8B5D-0E327EAA0407}.Debug|Any CPU.ActiveCfg = Debug|Any CPU
		{D76CF357-4559-43B1-8B5D-0E327EAA0407}.Debug|Any CPU.Build.0 = Debug|Any CPU
		{D76CF357-4559-43B1-8B5D-0E327EAA0407}.Debug|x64.ActiveCfg = Debug|Any CPU
		{D76CF357-4559-43B1-8B5D-0E327EAA0407}.Debug|x64.Build.0 = Debug|Any CPU
		{D76CF357-4559-43B1-8B5D-0E327EAA0407}.Debug|x86.ActiveCfg = Debug|Any CPU
		{D76CF357-4559-43B1-8B5D-0E327EAA0407}.Debug|x86.Build.0 = Debug|Any CPU
		{D76CF357-4559-43B1-8B5D-0E327EAA0407}.Release|Any CPU.ActiveCfg = Release|Any CPU
		{D76CF357-4559-43B1-8B5D-0E327EAA0407}.Release|Any CPU.Build.0 = Release|Any CPU
		{D76CF357-4559-43B1-8B5D-0E327EAA0407}.Release|x64.ActiveCfg = Release|Any CPU
		{D76CF357-4559-43B1-8B5D-0E327EAA0407}.Release|x64.Build.0 = Release|Any CPU
		{D76CF357-4559-43B1-8B5D-0E327EAA0407}.Release|x86.ActiveCfg = Release|Any CPU
		{D76CF357-4559-43B1-8B5D-0E327EAA0407}.Release|x86.Build.0 = Release|Any CPU
		{D2F163AF-2A4B-453C-AD8F-239C98FF17AB}.Debug|Any CPU.ActiveCfg = Debug|Any CPU
		{D2F163AF-2A4B-453C-AD8F-239C98FF17AB}.Debug|Any CPU.Build.0 = Debug|Any CPU
		{D2F163AF-2A4B-453C-AD8F-239C98FF17AB}.Debug|x64.ActiveCfg = Debug|Any CPU
		{D2F163AF-2A4B-453C-AD8F-239C98FF17AB}.Debug|x64.Build.0 = Debug|Any CPU
		{D2F163AF-2A4B-453C-AD8F-239C98FF17AB}.Debug|x86.ActiveCfg = Debug|Any CPU
		{D2F163AF-2A4B-453C-AD8F-239C98FF17AB}.Debug|x86.Build.0 = Debug|Any CPU
		{D2F163AF-2A4B-453C-AD8F-239C98FF17AB}.Release|Any CPU.ActiveCfg = Release|Any CPU
		{D2F163AF-2A4B-453C-AD8F-239C98FF17AB}.Release|Any CPU.Build.0 = Release|Any CPU
		{D2F163AF-2A4B-453C-AD8F-239C98FF17AB}.Release|x64.ActiveCfg = Release|Any CPU
		{D2F163AF-2A4B-453C-AD8F-239C98FF17AB}.Release|x64.Build.0 = Release|Any CPU
		{D2F163AF-2A4B-453C-AD8F-239C98FF17AB}.Release|x86.ActiveCfg = Release|Any CPU
		{D2F163AF-2A4B-453C-AD8F-239C98FF17AB}.Release|x86.Build.0 = Release|Any CPU
		{ED13D5D8-7D72-4542-8C1A-141B4ADD08AB}.Debug|Any CPU.ActiveCfg = Debug|Any CPU
		{ED13D5D8-7D72-4542-8C1A-141B4ADD08AB}.Debug|Any CPU.Build.0 = Debug|Any CPU
		{ED13D5D8-7D72-4542-8C1A-141B4ADD08AB}.Debug|x64.ActiveCfg = Debug|Any CPU
		{ED13D5D8-7D72-4542-8C1A-141B4ADD08AB}.Debug|x64.Build.0 = Debug|Any CPU
		{ED13D5D8-7D72-4542-8C1A-141B4ADD08AB}.Debug|x86.ActiveCfg = Debug|Any CPU
		{ED13D5D8-7D72-4542-8C1A-141B4ADD08AB}.Debug|x86.Build.0 = Debug|Any CPU
		{ED13D5D8-7D72-4542-8C1A-141B4ADD08AB}.Release|Any CPU.ActiveCfg = Release|Any CPU
		{ED13D5D8-7D72-4542-8C1A-141B4ADD08AB}.Release|Any CPU.Build.0 = Release|Any CPU
		{ED13D5D8-7D72-4542-8C1A-141B4ADD08AB}.Release|x64.ActiveCfg = Release|Any CPU
		{ED13D5D8-7D72-4542-8C1A-141B4ADD08AB}.Release|x64.Build.0 = Release|Any CPU
		{ED13D5D8-7D72-4542-8C1A-141B4ADD08AB}.Release|x86.ActiveCfg = Release|Any CPU
		{ED13D5D8-7D72-4542-8C1A-141B4ADD08AB}.Release|x86.Build.0 = Release|Any CPU
		{01979AC7-5289-4834-8EC5-35AC05EA3AFD}.Debug|Any CPU.ActiveCfg = Debug|Any CPU
		{01979AC7-5289-4834-8EC5-35AC05EA3AFD}.Debug|Any CPU.Build.0 = Debug|Any CPU
		{01979AC7-5289-4834-8EC5-35AC05EA3AFD}.Debug|x64.ActiveCfg = Debug|Any CPU
		{01979AC7-5289-4834-8EC5-35AC05EA3AFD}.Debug|x64.Build.0 = Debug|Any CPU
		{01979AC7-5289-4834-8EC5-35AC05EA3AFD}.Debug|x86.ActiveCfg = Debug|Any CPU
		{01979AC7-5289-4834-8EC5-35AC05EA3AFD}.Debug|x86.Build.0 = Debug|Any CPU
		{01979AC7-5289-4834-8EC5-35AC05EA3AFD}.Release|Any CPU.ActiveCfg = Release|Any CPU
		{01979AC7-5289-4834-8EC5-35AC05EA3AFD}.Release|Any CPU.Build.0 = Release|Any CPU
		{01979AC7-5289-4834-8EC5-35AC05EA3AFD}.Release|x64.ActiveCfg = Release|Any CPU
		{01979AC7-5289-4834-8EC5-35AC05EA3AFD}.Release|x64.Build.0 = Release|Any CPU
		{01979AC7-5289-4834-8EC5-35AC05EA3AFD}.Release|x86.ActiveCfg = Release|Any CPU
		{01979AC7-5289-4834-8EC5-35AC05EA3AFD}.Release|x86.Build.0 = Release|Any CPU
		{8AB70223-BE5C-46FF-832E-9D940889ABFE}.Debug|Any CPU.ActiveCfg = Debug|Any CPU
		{8AB70223-BE5C-46FF-832E-9D940889ABFE}.Debug|Any CPU.Build.0 = Debug|Any CPU
		{8AB70223-BE5C-46FF-832E-9D940889ABFE}.Debug|x64.ActiveCfg = Debug|Any CPU
		{8AB70223-BE5C-46FF-832E-9D940889ABFE}.Debug|x64.Build.0 = Debug|Any CPU
		{8AB70223-BE5C-46FF-832E-9D940889ABFE}.Debug|x86.ActiveCfg = Debug|Any CPU
		{8AB70223-BE5C-46FF-832E-9D940889ABFE}.Debug|x86.Build.0 = Debug|Any CPU
		{8AB70223-BE5C-46FF-832E-9D940889ABFE}.Release|Any CPU.ActiveCfg = Release|Any CPU
		{8AB70223-BE5C-46FF-832E-9D940889ABFE}.Release|Any CPU.Build.0 = Release|Any CPU
		{8AB70223-BE5C-46FF-832E-9D940889ABFE}.Release|x64.ActiveCfg = Release|Any CPU
		{8AB70223-BE5C-46FF-832E-9D940889ABFE}.Release|x64.Build.0 = Release|Any CPU
		{8AB70223-BE5C-46FF-832E-9D940889ABFE}.Release|x86.ActiveCfg = Release|Any CPU
		{8AB70223-BE5C-46FF-832E-9D940889ABFE}.Release|x86.Build.0 = Release|Any CPU
		{CAD3F34E-A367-492C-9084-6C89D0F1B378}.Debug|Any CPU.ActiveCfg = Debug|Any CPU
		{CAD3F34E-A367-492C-9084-6C89D0F1B378}.Debug|Any CPU.Build.0 = Debug|Any CPU
		{CAD3F34E-A367-492C-9084-6C89D0F1B378}.Debug|x64.ActiveCfg = Debug|Any CPU
		{CAD3F34E-A367-492C-9084-6C89D0F1B378}.Debug|x64.Build.0 = Debug|Any CPU
		{CAD3F34E-A367-492C-9084-6C89D0F1B378}.Debug|x86.ActiveCfg = Debug|Any CPU
		{CAD3F34E-A367-492C-9084-6C89D0F1B378}.Debug|x86.Build.0 = Debug|Any CPU
		{CAD3F34E-A367-492C-9084-6C89D0F1B378}.Release|Any CPU.ActiveCfg = Release|Any CPU
		{CAD3F34E-A367-492C-9084-6C89D0F1B378}.Release|Any CPU.Build.0 = Release|Any CPU
		{CAD3F34E-A367-492C-9084-6C89D0F1B378}.Release|x64.ActiveCfg = Release|Any CPU
		{CAD3F34E-A367-492C-9084-6C89D0F1B378}.Release|x64.Build.0 = Release|Any CPU
		{CAD3F34E-A367-492C-9084-6C89D0F1B378}.Release|x86.ActiveCfg = Release|Any CPU
		{CAD3F34E-A367-492C-9084-6C89D0F1B378}.Release|x86.Build.0 = Release|Any CPU
		{9B6965CB-BFC8-428D-B26B-9D19404833E4}.Debug|Any CPU.ActiveCfg = Debug|Any CPU
		{9B6965CB-BFC8-428D-B26B-9D19404833E4}.Debug|Any CPU.Build.0 = Debug|Any CPU
		{9B6965CB-BFC8-428D-B26B-9D19404833E4}.Debug|x64.ActiveCfg = Debug|Any CPU
		{9B6965CB-BFC8-428D-B26B-9D19404833E4}.Debug|x64.Build.0 = Debug|Any CPU
		{9B6965CB-BFC8-428D-B26B-9D19404833E4}.Debug|x86.ActiveCfg = Debug|Any CPU
		{9B6965CB-BFC8-428D-B26B-9D19404833E4}.Debug|x86.Build.0 = Debug|Any CPU
		{9B6965CB-BFC8-428D-B26B-9D19404833E4}.Release|Any CPU.ActiveCfg = Release|Any CPU
		{9B6965CB-BFC8-428D-B26B-9D19404833E4}.Release|Any CPU.Build.0 = Release|Any CPU
		{9B6965CB-BFC8-428D-B26B-9D19404833E4}.Release|x64.ActiveCfg = Release|Any CPU
		{9B6965CB-BFC8-428D-B26B-9D19404833E4}.Release|x64.Build.0 = Release|Any CPU
		{9B6965CB-BFC8-428D-B26B-9D19404833E4}.Release|x86.ActiveCfg = Release|Any CPU
		{9B6965CB-BFC8-428D-B26B-9D19404833E4}.Release|x86.Build.0 = Release|Any CPU
	EndGlobalSection
	GlobalSection(NestedProjects) = preSolution
		{FA2B8909-1794-44E5-817B-B46E93070FA8} = {721527BF-943C-4B7B-94EB-E21251A2B646}
		{D76CF357-4559-43B1-8B5D-0E327EAA0407} = {721527BF-943C-4B7B-94EB-E21251A2B646}
		{D2F163AF-2A4B-453C-AD8F-239C98FF17AB} = {721527BF-943C-4B7B-94EB-E21251A2B646}
		{ED13D5D8-7D72-4542-8C1A-141B4ADD08AB} = {721527BF-943C-4B7B-94EB-E21251A2B646}
		{01979AC7-5289-4834-8EC5-35AC05EA3AFD} = {721527BF-943C-4B7B-94EB-E21251A2B646}
		{8AB70223-BE5C-46FF-832E-9D940889ABFE} = {721527BF-943C-4B7B-94EB-E21251A2B646}
		{CAD3F34E-A367-492C-9084-6C89D0F1B378} = {721527BF-943C-4B7B-94EB-E21251A2B646}
		{9B6965CB-BFC8-428D-B26B-9D19404833E4} = {721527BF-943C-4B7B-94EB-E21251A2B646}
	EndGlobalSection
EndGlobal
