
Microsoft Visual Studio Solution File, Format Version 12.00
# Visual Studio 15
VisualStudioVersion = 15.0.26124.0
MinimumVisualStudioVersion = 15.0.26124.0
Project("{2150E333-8FDC-42A3-9474-1A3956D46DE8}") = "src", "src", "{AD7C17EC-ABF0-4488-BB43-A27E0A99BCEE}"
EndProject
Project("{FAE04EC0-301F-11D3-BF4B-00C04F79EFBC}") = "DNTFrameworkCore", "src\DNTFrameworkCore\DNTFrameworkCore.csproj", "{0CD853F9-95D1-48C9-BF04-3C3A6184BC5B}"
EndProject
Project("{FAE04EC0-301F-11D3-BF4B-00C04F79EFBC}") = "DNTFrameworkCore.Cqrs", "src\DNTFrameworkCore.Cqrs\DNTFrameworkCore.Cqrs.csproj", "{AF163E89-971C-44B4-B6D8-8F92502C9361}"
EndProject
Project("{FAE04EC0-301F-11D3-BF4B-00C04F79EFBC}") = "DNTFrameworkCore.EntityFramework", "src\DNTFrameworkCore.EntityFramework\DNTFrameworkCore.EntityFramework.csproj", "{E7985323-0747-4CE1-B15B-86D5DA6E223E}"
EndProject
Project("{FAE04EC0-301F-11D3-BF4B-00C04F79EFBC}") = "DNTFrameworkCore.Dapper", "src\DNTFrameworkCore.Dapper\DNTFrameworkCore.Dapper.csproj", "{A9600549-C087-4797-97F5-8F18A44ED05E}"
EndProject
Project("{FAE04EC0-301F-11D3-BF4B-00C04F79EFBC}") = "DNTFrameworkCore.FluentValidation", "src\DNTFrameworkCore.FluentValidation\DNTFrameworkCore.FluentValidation.csproj", "{9089B685-1DAD-4A34-9215-CD43D650C924}"
EndProject
Project("{FAE04EC0-301F-11D3-BF4B-00C04F79EFBC}") = "DNTFrameworkCore.Web", "src\DNTFrameworkCore.Web\DNTFrameworkCore.Web.csproj", "{4B1E89CD-920F-4A20-BF0E-4C11ED6D0CD8}"
EndProject
Project("{FAE04EC0-301F-11D3-BF4B-00C04F79EFBC}") = "DNTFrameworkCore.Web.EntityFramework", "src\DNTFrameworkCore.Web.EntityFramework\DNTFrameworkCore.Web.EntityFramework.csproj", "{FBB23304-5843-476F-9C78-94E804FE6DD7}"
EndProject
Project("{FAE04EC0-301F-11D3-BF4B-00C04F79EFBC}") = "DNTFrameworkCore.Web.MultiTenancy", "src\DNTFrameworkCore.Web.MultiTenancy\DNTFrameworkCore.Web.MultiTenancy.csproj", "{3EC0C829-17C9-4D29-B89A-ED33DB8E7023}"
EndProject
Project("{2150E333-8FDC-42A3-9474-1A3956D46DE8}") = "test", "test", "{CE6239C1-7484-493B-B672-CEDA073ADF1E}"
EndProject
Project("{FAE04EC0-301F-11D3-BF4B-00C04F79EFBC}") = "DNTFrameworkCore.Tests", "test\DNTFrameworkCore.Tests\DNTFrameworkCore.Tests.csproj", "{E2A43723-5110-4DAD-8771-F934E3D17FE0}"
EndProject
Project("{FAE04EC0-301F-11D3-BF4B-00C04F79EFBC}") = "DNTFrameworkCore.TestWebApp", "test\DNTFrameworkCore.TestWebApp\DNTFrameworkCore.TestWebApp.csproj", "{2FE8506E-035C-45B1-9929-CB12DDDA2A52}"
EndProject
Project("{FAE04EC0-301F-11D3-BF4B-00C04F79EFBC}") = "DNTFrameworkCore.TestAPI", "test\DNTFrameworkCore.TestAPI\DNTFrameworkCore.TestAPI.csproj", "{459BF4C5-D6D8-44EC-AB3E-037634954470}"
EndProject
Project("{FAE04EC0-301F-11D3-BF4B-00C04F79EFBC}") = "DNTFrameworkCore.EntityFramework.Tests", "test\DNTFrameworkCore.EntityFramework.Tests\DNTFrameworkCore.EntityFramework.Tests.csproj", "{FC10C36F-1D34-4A49-9579-800CE267711C}"
EndProject
Project("{FAE04EC0-301F-11D3-BF4B-00C04F79EFBC}") = "DNTFrameworkCore.FluentValidation.Tests", "test\DNTFrameworkCore.FluentValidation.Tests\DNTFrameworkCore.FluentValidation.Tests.csproj", "{8EC21B67-463C-4EA6-A125-DCDD835106CE}"
EndProject
Project("{FAE04EC0-301F-11D3-BF4B-00C04F79EFBC}") = "DNTFrameworkCore.Web.Tests", "test\DNTFrameworkCore.Web.Tests\DNTFrameworkCore.Web.Tests.csproj", "{D358349B-A911-4CB5-8680-39AD650C49C5}"
EndProject
Project("{FAE04EC0-301F-11D3-BF4B-00C04F79EFBC}") = "DNTFrameworkCore.Web.MultiTenancy.Tests", "test\DNTFrameworkCore.Web.MultiTenancy.Tests\DNTFrameworkCore.Web.MultiTenancy.Tests.csproj", "{30379D4A-9A47-4EA3-964F-B9EF0DC75E98}"
EndProject
Project("{FAE04EC0-301F-11D3-BF4B-00C04F79EFBC}") = "DNTFrameworkCore.Web.EntityFramework.Tests", "test\DNTFrameworkCore.Web.EntityFramework.Tests\DNTFrameworkCore.Web.EntityFramework.Tests.csproj", "{EFF425CD-5E05-41A6-8CB6-057B2D140046}"
EndProject
Project("{FAE04EC0-301F-11D3-BF4B-00C04F79EFBC}") = "DNTFrameworkCore.EntityFramework.SqlServer", "src\DNTFrameworkCore.EntityFramework.SqlServer\DNTFrameworkCore.EntityFramework.SqlServer.csproj", "{06AF5FE8-9380-4093-8BF6-9FC2F1CAB9D3}"
EndProject
Global
	GlobalSection(SolutionConfigurationPlatforms) = preSolution
		Debug|Any CPU = Debug|Any CPU
		Debug|x64 = Debug|x64
		Debug|x86 = Debug|x86
		Release|Any CPU = Release|Any CPU
		Release|x64 = Release|x64
		Release|x86 = Release|x86
	EndGlobalSection
	GlobalSection(SolutionProperties) = preSolution
		HideSolutionNode = FALSE
	EndGlobalSection
	GlobalSection(ProjectConfigurationPlatforms) = postSolution
		{0CD853F9-95D1-48C9-BF04-3C3A6184BC5B}.Debug|Any CPU.ActiveCfg = Debug|Any CPU
		{0CD853F9-95D1-48C9-BF04-3C3A6184BC5B}.Debug|Any CPU.Build.0 = Debug|Any CPU
		{0CD853F9-95D1-48C9-BF04-3C3A6184BC5B}.Debug|x64.ActiveCfg = Debug|Any CPU
		{0CD853F9-95D1-48C9-BF04-3C3A6184BC5B}.Debug|x64.Build.0 = Debug|Any CPU
		{0CD853F9-95D1-48C9-BF04-3C3A6184BC5B}.Debug|x86.ActiveCfg = Debug|Any CPU
		{0CD853F9-95D1-48C9-BF04-3C3A6184BC5B}.Debug|x86.Build.0 = Debug|Any CPU
		{0CD853F9-95D1-48C9-BF04-3C3A6184BC5B}.Release|Any CPU.ActiveCfg = Release|Any CPU
		{0CD853F9-95D1-48C9-BF04-3C3A6184BC5B}.Release|Any CPU.Build.0 = Release|Any CPU
		{0CD853F9-95D1-48C9-BF04-3C3A6184BC5B}.Release|x64.ActiveCfg = Release|Any CPU
		{0CD853F9-95D1-48C9-BF04-3C3A6184BC5B}.Release|x64.Build.0 = Release|Any CPU
		{0CD853F9-95D1-48C9-BF04-3C3A6184BC5B}.Release|x86.ActiveCfg = Release|Any CPU
		{0CD853F9-95D1-48C9-BF04-3C3A6184BC5B}.Release|x86.Build.0 = Release|Any CPU
		{AF163E89-971C-44B4-B6D8-8F92502C9361}.Debug|Any CPU.ActiveCfg = Debug|Any CPU
		{AF163E89-971C-44B4-B6D8-8F92502C9361}.Debug|Any CPU.Build.0 = Debug|Any CPU
		{AF163E89-971C-44B4-B6D8-8F92502C9361}.Debug|x64.ActiveCfg = Debug|Any CPU
		{AF163E89-971C-44B4-B6D8-8F92502C9361}.Debug|x64.Build.0 = Debug|Any CPU
		{AF163E89-971C-44B4-B6D8-8F92502C9361}.Debug|x86.ActiveCfg = Debug|Any CPU
		{AF163E89-971C-44B4-B6D8-8F92502C9361}.Debug|x86.Build.0 = Debug|Any CPU
		{AF163E89-971C-44B4-B6D8-8F92502C9361}.Release|Any CPU.ActiveCfg = Release|Any CPU
		{AF163E89-971C-44B4-B6D8-8F92502C9361}.Release|Any CPU.Build.0 = Release|Any CPU
		{AF163E89-971C-44B4-B6D8-8F92502C9361}.Release|x64.ActiveCfg = Release|Any CPU
		{AF163E89-971C-44B4-B6D8-8F92502C9361}.Release|x64.Build.0 = Release|Any CPU
		{AF163E89-971C-44B4-B6D8-8F92502C9361}.Release|x86.ActiveCfg = Release|Any CPU
		{AF163E89-971C-44B4-B6D8-8F92502C9361}.Release|x86.Build.0 = Release|Any CPU
		{E7985323-0747-4CE1-B15B-86D5DA6E223E}.Debug|Any CPU.ActiveCfg = Debug|Any CPU
		{E7985323-0747-4CE1-B15B-86D5DA6E223E}.Debug|Any CPU.Build.0 = Debug|Any CPU
		{E7985323-0747-4CE1-B15B-86D5DA6E223E}.Debug|x64.ActiveCfg = Debug|Any CPU
		{E7985323-0747-4CE1-B15B-86D5DA6E223E}.Debug|x64.Build.0 = Debug|Any CPU
		{E7985323-0747-4CE1-B15B-86D5DA6E223E}.Debug|x86.ActiveCfg = Debug|Any CPU
		{E7985323-0747-4CE1-B15B-86D5DA6E223E}.Debug|x86.Build.0 = Debug|Any CPU
		{E7985323-0747-4CE1-B15B-86D5DA6E223E}.Release|Any CPU.ActiveCfg = Release|Any CPU
		{E7985323-0747-4CE1-B15B-86D5DA6E223E}.Release|Any CPU.Build.0 = Release|Any CPU
		{E7985323-0747-4CE1-B15B-86D5DA6E223E}.Release|x64.ActiveCfg = Release|Any CPU
		{E7985323-0747-4CE1-B15B-86D5DA6E223E}.Release|x64.Build.0 = Release|Any CPU
		{E7985323-0747-4CE1-B15B-86D5DA6E223E}.Release|x86.ActiveCfg = Release|Any CPU
		{E7985323-0747-4CE1-B15B-86D5DA6E223E}.Release|x86.Build.0 = Release|Any CPU
		{A9600549-C087-4797-97F5-8F18A44ED05E}.Debug|Any CPU.ActiveCfg = Debug|Any CPU
		{A9600549-C087-4797-97F5-8F18A44ED05E}.Debug|Any CPU.Build.0 = Debug|Any CPU
		{A9600549-C087-4797-97F5-8F18A44ED05E}.Debug|x64.ActiveCfg = Debug|Any CPU
		{A9600549-C087-4797-97F5-8F18A44ED05E}.Debug|x64.Build.0 = Debug|Any CPU
		{A9600549-C087-4797-97F5-8F18A44ED05E}.Debug|x86.ActiveCfg = Debug|Any CPU
		{A9600549-C087-4797-97F5-8F18A44ED05E}.Debug|x86.Build.0 = Debug|Any CPU
		{A9600549-C087-4797-97F5-8F18A44ED05E}.Release|Any CPU.ActiveCfg = Release|Any CPU
		{A9600549-C087-4797-97F5-8F18A44ED05E}.Release|Any CPU.Build.0 = Release|Any CPU
		{A9600549-C087-4797-97F5-8F18A44ED05E}.Release|x64.ActiveCfg = Release|Any CPU
		{A9600549-C087-4797-97F5-8F18A44ED05E}.Release|x64.Build.0 = Release|Any CPU
		{A9600549-C087-4797-97F5-8F18A44ED05E}.Release|x86.ActiveCfg = Release|Any CPU
		{A9600549-C087-4797-97F5-8F18A44ED05E}.Release|x86.Build.0 = Release|Any CPU
		{9089B685-1DAD-4A34-9215-CD43D650C924}.Debug|Any CPU.ActiveCfg = Debug|Any CPU
		{9089B685-1DAD-4A34-9215-CD43D650C924}.Debug|Any CPU.Build.0 = Debug|Any CPU
		{9089B685-1DAD-4A34-9215-CD43D650C924}.Debug|x64.ActiveCfg = Debug|Any CPU
		{9089B685-1DAD-4A34-9215-CD43D650C924}.Debug|x64.Build.0 = Debug|Any CPU
		{9089B685-1DAD-4A34-9215-CD43D650C924}.Debug|x86.ActiveCfg = Debug|Any CPU
		{9089B685-1DAD-4A34-9215-CD43D650C924}.Debug|x86.Build.0 = Debug|Any CPU
		{9089B685-1DAD-4A34-9215-CD43D650C924}.Release|Any CPU.ActiveCfg = Release|Any CPU
		{9089B685-1DAD-4A34-9215-CD43D650C924}.Release|Any CPU.Build.0 = Release|Any CPU
		{9089B685-1DAD-4A34-9215-CD43D650C924}.Release|x64.ActiveCfg = Release|Any CPU
		{9089B685-1DAD-4A34-9215-CD43D650C924}.Release|x64.Build.0 = Release|Any CPU
		{9089B685-1DAD-4A34-9215-CD43D650C924}.Release|x86.ActiveCfg = Release|Any CPU
		{9089B685-1DAD-4A34-9215-CD43D650C924}.Release|x86.Build.0 = Release|Any CPU
		{4B1E89CD-920F-4A20-BF0E-4C11ED6D0CD8}.Debug|Any CPU.ActiveCfg = Debug|Any CPU
		{4B1E89CD-920F-4A20-BF0E-4C11ED6D0CD8}.Debug|Any CPU.Build.0 = Debug|Any CPU
		{4B1E89CD-920F-4A20-BF0E-4C11ED6D0CD8}.Debug|x64.ActiveCfg = Debug|Any CPU
		{4B1E89CD-920F-4A20-BF0E-4C11ED6D0CD8}.Debug|x64.Build.0 = Debug|Any CPU
		{4B1E89CD-920F-4A20-BF0E-4C11ED6D0CD8}.Debug|x86.ActiveCfg = Debug|Any CPU
		{4B1E89CD-920F-4A20-BF0E-4C11ED6D0CD8}.Debug|x86.Build.0 = Debug|Any CPU
		{4B1E89CD-920F-4A20-BF0E-4C11ED6D0CD8}.Release|Any CPU.ActiveCfg = Release|Any CPU
		{4B1E89CD-920F-4A20-BF0E-4C11ED6D0CD8}.Release|Any CPU.Build.0 = Release|Any CPU
		{4B1E89CD-920F-4A20-BF0E-4C11ED6D0CD8}.Release|x64.ActiveCfg = Release|Any CPU
		{4B1E89CD-920F-4A20-BF0E-4C11ED6D0CD8}.Release|x64.Build.0 = Release|Any CPU
		{4B1E89CD-920F-4A20-BF0E-4C11ED6D0CD8}.Release|x86.ActiveCfg = Release|Any CPU
		{4B1E89CD-920F-4A20-BF0E-4C11ED6D0CD8}.Release|x86.Build.0 = Release|Any CPU
		{FBB23304-5843-476F-9C78-94E804FE6DD7}.Debug|Any CPU.ActiveCfg = Debug|Any CPU
		{FBB23304-5843-476F-9C78-94E804FE6DD7}.Debug|Any CPU.Build.0 = Debug|Any CPU
		{FBB23304-5843-476F-9C78-94E804FE6DD7}.Debug|x64.ActiveCfg = Debug|Any CPU
		{FBB23304-5843-476F-9C78-94E804FE6DD7}.Debug|x64.Build.0 = Debug|Any CPU
		{FBB23304-5843-476F-9C78-94E804FE6DD7}.Debug|x86.ActiveCfg = Debug|Any CPU
		{FBB23304-5843-476F-9C78-94E804FE6DD7}.Debug|x86.Build.0 = Debug|Any CPU
		{FBB23304-5843-476F-9C78-94E804FE6DD7}.Release|Any CPU.ActiveCfg = Release|Any CPU
		{FBB23304-5843-476F-9C78-94E804FE6DD7}.Release|Any CPU.Build.0 = Release|Any CPU
		{FBB23304-5843-476F-9C78-94E804FE6DD7}.Release|x64.ActiveCfg = Release|Any CPU
		{FBB23304-5843-476F-9C78-94E804FE6DD7}.Release|x64.Build.0 = Release|Any CPU
		{FBB23304-5843-476F-9C78-94E804FE6DD7}.Release|x86.ActiveCfg = Release|Any CPU
		{FBB23304-5843-476F-9C78-94E804FE6DD7}.Release|x86.Build.0 = Release|Any CPU
		{3EC0C829-17C9-4D29-B89A-ED33DB8E7023}.Debug|Any CPU.ActiveCfg = Debug|Any CPU
		{3EC0C829-17C9-4D29-B89A-ED33DB8E7023}.Debug|Any CPU.Build.0 = Debug|Any CPU
		{3EC0C829-17C9-4D29-B89A-ED33DB8E7023}.Debug|x64.ActiveCfg = Debug|Any CPU
		{3EC0C829-17C9-4D29-B89A-ED33DB8E7023}.Debug|x64.Build.0 = Debug|Any CPU
		{3EC0C829-17C9-4D29-B89A-ED33DB8E7023}.Debug|x86.ActiveCfg = Debug|Any CPU
		{3EC0C829-17C9-4D29-B89A-ED33DB8E7023}.Debug|x86.Build.0 = Debug|Any CPU
		{3EC0C829-17C9-4D29-B89A-ED33DB8E7023}.Release|Any CPU.ActiveCfg = Release|Any CPU
		{3EC0C829-17C9-4D29-B89A-ED33DB8E7023}.Release|Any CPU.Build.0 = Release|Any CPU
		{3EC0C829-17C9-4D29-B89A-ED33DB8E7023}.Release|x64.ActiveCfg = Release|Any CPU
		{3EC0C829-17C9-4D29-B89A-ED33DB8E7023}.Release|x64.Build.0 = Release|Any CPU
		{3EC0C829-17C9-4D29-B89A-ED33DB8E7023}.Release|x86.ActiveCfg = Release|Any CPU
		{3EC0C829-17C9-4D29-B89A-ED33DB8E7023}.Release|x86.Build.0 = Release|Any CPU
		{E2A43723-5110-4DAD-8771-F934E3D17FE0}.Debug|Any CPU.ActiveCfg = Debug|Any CPU
		{E2A43723-5110-4DAD-8771-F934E3D17FE0}.Debug|Any CPU.Build.0 = Debug|Any CPU
		{E2A43723-5110-4DAD-8771-F934E3D17FE0}.Debug|x64.ActiveCfg = Debug|Any CPU
		{E2A43723-5110-4DAD-8771-F934E3D17FE0}.Debug|x64.Build.0 = Debug|Any CPU
		{E2A43723-5110-4DAD-8771-F934E3D17FE0}.Debug|x86.ActiveCfg = Debug|Any CPU
		{E2A43723-5110-4DAD-8771-F934E3D17FE0}.Debug|x86.Build.0 = Debug|Any CPU
		{E2A43723-5110-4DAD-8771-F934E3D17FE0}.Release|Any CPU.ActiveCfg = Release|Any CPU
		{E2A43723-5110-4DAD-8771-F934E3D17FE0}.Release|Any CPU.Build.0 = Release|Any CPU
		{E2A43723-5110-4DAD-8771-F934E3D17FE0}.Release|x64.ActiveCfg = Release|Any CPU
		{E2A43723-5110-4DAD-8771-F934E3D17FE0}.Release|x64.Build.0 = Release|Any CPU
		{E2A43723-5110-4DAD-8771-F934E3D17FE0}.Release|x86.ActiveCfg = Release|Any CPU
		{E2A43723-5110-4DAD-8771-F934E3D17FE0}.Release|x86.Build.0 = Release|Any CPU
		{2FE8506E-035C-45B1-9929-CB12DDDA2A52}.Debug|Any CPU.ActiveCfg = Debug|Any CPU
		{2FE8506E-035C-45B1-9929-CB12DDDA2A52}.Debug|Any CPU.Build.0 = Debug|Any CPU
		{2FE8506E-035C-45B1-9929-CB12DDDA2A52}.Debug|x64.ActiveCfg = Debug|Any CPU
		{2FE8506E-035C-45B1-9929-CB12DDDA2A52}.Debug|x64.Build.0 = Debug|Any CPU
		{2FE8506E-035C-45B1-9929-CB12DDDA2A52}.Debug|x86.ActiveCfg = Debug|Any CPU
		{2FE8506E-035C-45B1-9929-CB12DDDA2A52}.Debug|x86.Build.0 = Debug|Any CPU
		{2FE8506E-035C-45B1-9929-CB12DDDA2A52}.Release|Any CPU.ActiveCfg = Release|Any CPU
		{2FE8506E-035C-45B1-9929-CB12DDDA2A52}.Release|Any CPU.Build.0 = Release|Any CPU
		{2FE8506E-035C-45B1-9929-CB12DDDA2A52}.Release|x64.ActiveCfg = Release|Any CPU
		{2FE8506E-035C-45B1-9929-CB12DDDA2A52}.Release|x64.Build.0 = Release|Any CPU
		{2FE8506E-035C-45B1-9929-CB12DDDA2A52}.Release|x86.ActiveCfg = Release|Any CPU
		{2FE8506E-035C-45B1-9929-CB12DDDA2A52}.Release|x86.Build.0 = Release|Any CPU
		{459BF4C5-D6D8-44EC-AB3E-037634954470}.Debug|Any CPU.ActiveCfg = Debug|Any CPU
		{459BF4C5-D6D8-44EC-AB3E-037634954470}.Debug|Any CPU.Build.0 = Debug|Any CPU
		{459BF4C5-D6D8-44EC-AB3E-037634954470}.Debug|x64.ActiveCfg = Debug|Any CPU
		{459BF4C5-D6D8-44EC-AB3E-037634954470}.Debug|x64.Build.0 = Debug|Any CPU
		{459BF4C5-D6D8-44EC-AB3E-037634954470}.Debug|x86.ActiveCfg = Debug|Any CPU
		{459BF4C5-D6D8-44EC-AB3E-037634954470}.Debug|x86.Build.0 = Debug|Any CPU
		{459BF4C5-D6D8-44EC-AB3E-037634954470}.Release|Any CPU.ActiveCfg = Release|Any CPU
		{459BF4C5-D6D8-44EC-AB3E-037634954470}.Release|Any CPU.Build.0 = Release|Any CPU
		{459BF4C5-D6D8-44EC-AB3E-037634954470}.Release|x64.ActiveCfg = Release|Any CPU
		{459BF4C5-D6D8-44EC-AB3E-037634954470}.Release|x64.Build.0 = Release|Any CPU
		{459BF4C5-D6D8-44EC-AB3E-037634954470}.Release|x86.ActiveCfg = Release|Any CPU
		{459BF4C5-D6D8-44EC-AB3E-037634954470}.Release|x86.Build.0 = Release|Any CPU
		{FC10C36F-1D34-4A49-9579-800CE267711C}.Debug|Any CPU.ActiveCfg = Debug|Any CPU
		{FC10C36F-1D34-4A49-9579-800CE267711C}.Debug|Any CPU.Build.0 = Debug|Any CPU
		{FC10C36F-1D34-4A49-9579-800CE267711C}.Debug|x64.ActiveCfg = Debug|Any CPU
		{FC10C36F-1D34-4A49-9579-800CE267711C}.Debug|x64.Build.0 = Debug|Any CPU
		{FC10C36F-1D34-4A49-9579-800CE267711C}.Debug|x86.ActiveCfg = Debug|Any CPU
		{FC10C36F-1D34-4A49-9579-800CE267711C}.Debug|x86.Build.0 = Debug|Any CPU
		{FC10C36F-1D34-4A49-9579-800CE267711C}.Release|Any CPU.ActiveCfg = Release|Any CPU
		{FC10C36F-1D34-4A49-9579-800CE267711C}.Release|Any CPU.Build.0 = Release|Any CPU
		{FC10C36F-1D34-4A49-9579-800CE267711C}.Release|x64.ActiveCfg = Release|Any CPU
		{FC10C36F-1D34-4A49-9579-800CE267711C}.Release|x64.Build.0 = Release|Any CPU
		{FC10C36F-1D34-4A49-9579-800CE267711C}.Release|x86.ActiveCfg = Release|Any CPU
		{FC10C36F-1D34-4A49-9579-800CE267711C}.Release|x86.Build.0 = Release|Any CPU
		{8EC21B67-463C-4EA6-A125-DCDD835106CE}.Debug|Any CPU.ActiveCfg = Debug|Any CPU
		{8EC21B67-463C-4EA6-A125-DCDD835106CE}.Debug|Any CPU.Build.0 = Debug|Any CPU
		{8EC21B67-463C-4EA6-A125-DCDD835106CE}.Debug|x64.ActiveCfg = Debug|Any CPU
		{8EC21B67-463C-4EA6-A125-DCDD835106CE}.Debug|x64.Build.0 = Debug|Any CPU
		{8EC21B67-463C-4EA6-A125-DCDD835106CE}.Debug|x86.ActiveCfg = Debug|Any CPU
		{8EC21B67-463C-4EA6-A125-DCDD835106CE}.Debug|x86.Build.0 = Debug|Any CPU
		{8EC21B67-463C-4EA6-A125-DCDD835106CE}.Release|Any CPU.ActiveCfg = Release|Any CPU
		{8EC21B67-463C-4EA6-A125-DCDD835106CE}.Release|Any CPU.Build.0 = Release|Any CPU
		{8EC21B67-463C-4EA6-A125-DCDD835106CE}.Release|x64.ActiveCfg = Release|Any CPU
		{8EC21B67-463C-4EA6-A125-DCDD835106CE}.Release|x64.Build.0 = Release|Any CPU
		{8EC21B67-463C-4EA6-A125-DCDD835106CE}.Release|x86.ActiveCfg = Release|Any CPU
		{8EC21B67-463C-4EA6-A125-DCDD835106CE}.Release|x86.Build.0 = Release|Any CPU
		{D358349B-A911-4CB5-8680-39AD650C49C5}.Debug|Any CPU.ActiveCfg = Debug|Any CPU
		{D358349B-A911-4CB5-8680-39AD650C49C5}.Debug|Any CPU.Build.0 = Debug|Any CPU
		{D358349B-A911-4CB5-8680-39AD650C49C5}.Debug|x64.ActiveCfg = Debug|Any CPU
		{D358349B-A911-4CB5-8680-39AD650C49C5}.Debug|x64.Build.0 = Debug|Any CPU
		{D358349B-A911-4CB5-8680-39AD650C49C5}.Debug|x86.ActiveCfg = Debug|Any CPU
		{D358349B-A911-4CB5-8680-39AD650C49C5}.Debug|x86.Build.0 = Debug|Any CPU
		{D358349B-A911-4CB5-8680-39AD650C49C5}.Release|Any CPU.ActiveCfg = Release|Any CPU
		{D358349B-A911-4CB5-8680-39AD650C49C5}.Release|Any CPU.Build.0 = Release|Any CPU
		{D358349B-A911-4CB5-8680-39AD650C49C5}.Release|x64.ActiveCfg = Release|Any CPU
		{D358349B-A911-4CB5-8680-39AD650C49C5}.Release|x64.Build.0 = Release|Any CPU
		{D358349B-A911-4CB5-8680-39AD650C49C5}.Release|x86.ActiveCfg = Release|Any CPU
		{D358349B-A911-4CB5-8680-39AD650C49C5}.Release|x86.Build.0 = Release|Any CPU
		{30379D4A-9A47-4EA3-964F-B9EF0DC75E98}.Debug|Any CPU.ActiveCfg = Debug|Any CPU
		{30379D4A-9A47-4EA3-964F-B9EF0DC75E98}.Debug|Any CPU.Build.0 = Debug|Any CPU
		{30379D4A-9A47-4EA3-964F-B9EF0DC75E98}.Debug|x64.ActiveCfg = Debug|Any CPU
		{30379D4A-9A47-4EA3-964F-B9EF0DC75E98}.Debug|x64.Build.0 = Debug|Any CPU
		{30379D4A-9A47-4EA3-964F-B9EF0DC75E98}.Debug|x86.ActiveCfg = Debug|Any CPU
		{30379D4A-9A47-4EA3-964F-B9EF0DC75E98}.Debug|x86.Build.0 = Debug|Any CPU
		{30379D4A-9A47-4EA3-964F-B9EF0DC75E98}.Release|Any CPU.ActiveCfg = Release|Any CPU
		{30379D4A-9A47-4EA3-964F-B9EF0DC75E98}.Release|Any CPU.Build.0 = Release|Any CPU
		{30379D4A-9A47-4EA3-964F-B9EF0DC75E98}.Release|x64.ActiveCfg = Release|Any CPU
		{30379D4A-9A47-4EA3-964F-B9EF0DC75E98}.Release|x64.Build.0 = Release|Any CPU
		{30379D4A-9A47-4EA3-964F-B9EF0DC75E98}.Release|x86.ActiveCfg = Release|Any CPU
		{30379D4A-9A47-4EA3-964F-B9EF0DC75E98}.Release|x86.Build.0 = Release|Any CPU
		{EFF425CD-5E05-41A6-8CB6-057B2D140046}.Debug|Any CPU.ActiveCfg = Debug|Any CPU
		{EFF425CD-5E05-41A6-8CB6-057B2D140046}.Debug|Any CPU.Build.0 = Debug|Any CPU
		{EFF425CD-5E05-41A6-8CB6-057B2D140046}.Debug|x64.ActiveCfg = Debug|Any CPU
		{EFF425CD-5E05-41A6-8CB6-057B2D140046}.Debug|x64.Build.0 = Debug|Any CPU
		{EFF425CD-5E05-41A6-8CB6-057B2D140046}.Debug|x86.ActiveCfg = Debug|Any CPU
		{EFF425CD-5E05-41A6-8CB6-057B2D140046}.Debug|x86.Build.0 = Debug|Any CPU
		{EFF425CD-5E05-41A6-8CB6-057B2D140046}.Release|Any CPU.ActiveCfg = Release|Any CPU
		{EFF425CD-5E05-41A6-8CB6-057B2D140046}.Release|Any CPU.Build.0 = Release|Any CPU
		{EFF425CD-5E05-41A6-8CB6-057B2D140046}.Release|x64.ActiveCfg = Release|Any CPU
		{EFF425CD-5E05-41A6-8CB6-057B2D140046}.Release|x64.Build.0 = Release|Any CPU
		{EFF425CD-5E05-41A6-8CB6-057B2D140046}.Release|x86.ActiveCfg = Release|Any CPU
		{EFF425CD-5E05-41A6-8CB6-057B2D140046}.Release|x86.Build.0 = Release|Any CPU
		{06AF5FE8-9380-4093-8BF6-9FC2F1CAB9D3}.Debug|Any CPU.ActiveCfg = Debug|Any CPU
		{06AF5FE8-9380-4093-8BF6-9FC2F1CAB9D3}.Debug|Any CPU.Build.0 = Debug|Any CPU
		{06AF5FE8-9380-4093-8BF6-9FC2F1CAB9D3}.Debug|x64.ActiveCfg = Debug|Any CPU
		{06AF5FE8-9380-4093-8BF6-9FC2F1CAB9D3}.Debug|x64.Build.0 = Debug|Any CPU
		{06AF5FE8-9380-4093-8BF6-9FC2F1CAB9D3}.Debug|x86.ActiveCfg = Debug|Any CPU
		{06AF5FE8-9380-4093-8BF6-9FC2F1CAB9D3}.Debug|x86.Build.0 = Debug|Any CPU
		{06AF5FE8-9380-4093-8BF6-9FC2F1CAB9D3}.Release|Any CPU.ActiveCfg = Release|Any CPU
		{06AF5FE8-9380-4093-8BF6-9FC2F1CAB9D3}.Release|Any CPU.Build.0 = Release|Any CPU
		{06AF5FE8-9380-4093-8BF6-9FC2F1CAB9D3}.Release|x64.ActiveCfg = Release|Any CPU
		{06AF5FE8-9380-4093-8BF6-9FC2F1CAB9D3}.Release|x64.Build.0 = Release|Any CPU
		{06AF5FE8-9380-4093-8BF6-9FC2F1CAB9D3}.Release|x86.ActiveCfg = Release|Any CPU
		{06AF5FE8-9380-4093-8BF6-9FC2F1CAB9D3}.Release|x86.Build.0 = Release|Any CPU
	EndGlobalSection
	GlobalSection(NestedProjects) = preSolution
		{0CD853F9-95D1-48C9-BF04-3C3A6184BC5B} = {AD7C17EC-ABF0-4488-BB43-A27E0A99BCEE}
		{AF163E89-971C-44B4-B6D8-8F92502C9361} = {AD7C17EC-ABF0-4488-BB43-A27E0A99BCEE}
		{E7985323-0747-4CE1-B15B-86D5DA6E223E} = {AD7C17EC-ABF0-4488-BB43-A27E0A99BCEE}
		{A9600549-C087-4797-97F5-8F18A44ED05E} = {AD7C17EC-ABF0-4488-BB43-A27E0A99BCEE}
		{9089B685-1DAD-4A34-9215-CD43D650C924} = {AD7C17EC-ABF0-4488-BB43-A27E0A99BCEE}
		{4B1E89CD-920F-4A20-BF0E-4C11ED6D0CD8} = {AD7C17EC-ABF0-4488-BB43-A27E0A99BCEE}
		{FBB23304-5843-476F-9C78-94E804FE6DD7} = {AD7C17EC-ABF0-4488-BB43-A27E0A99BCEE}
		{3EC0C829-17C9-4D29-B89A-ED33DB8E7023} = {AD7C17EC-ABF0-4488-BB43-A27E0A99BCEE}
		{E2A43723-5110-4DAD-8771-F934E3D17FE0} = {CE6239C1-7484-493B-B672-CEDA073ADF1E}
		{2FE8506E-035C-45B1-9929-CB12DDDA2A52} = {CE6239C1-7484-493B-B672-CEDA073ADF1E}
		{459BF4C5-D6D8-44EC-AB3E-037634954470} = {CE6239C1-7484-493B-B672-CEDA073ADF1E}
		{FC10C36F-1D34-4A49-9579-800CE267711C} = {CE6239C1-7484-493B-B672-CEDA073ADF1E}
		{8EC21B67-463C-4EA6-A125-DCDD835106CE} = {CE6239C1-7484-493B-B672-CEDA073ADF1E}
		{D358349B-A911-4CB5-8680-39AD650C49C5} = {CE6239C1-7484-493B-B672-CEDA073ADF1E}
		{30379D4A-9A47-4EA3-964F-B9EF0DC75E98} = {CE6239C1-7484-493B-B672-CEDA073ADF1E}
		{EFF425CD-5E05-41A6-8CB6-057B2D140046} = {CE6239C1-7484-493B-B672-CEDA073ADF1E}
		{06AF5FE8-9380-4093-8BF6-9FC2F1CAB9D3} = {AD7C17EC-ABF0-4488-BB43-A27E0A99BCEE}
	EndGlobalSection
EndGlobal
